{
  "nodes": {
    "flake-parts": {
      "inputs": {
        "nixpkgs-lib": "nixpkgs-lib"
      },
      "locked": {
        "lastModified": 1725234343,
        "narHash": "sha256-+ebgonl3NbiKD2UD0x4BszCZQ6sTfL4xioaM49o5B3Y=",
        "owner": "hercules-ci",
        "repo": "flake-parts",
        "rev": "567b938d64d4b4112ee253b9274472dc3a346eb6",
        "type": "github"
      },
      "original": {
        "owner": "hercules-ci",
        "repo": "flake-parts",
        "type": "github"
      }
    },
    "nixpkgs": {
      "locked": {
        "lastModified": 1725534445,
        "narHash": "sha256-Yd0FK9SkWy+ZPuNqUgmVPXokxDgMJoGuNpMEtkfcf84=",
        "owner": "NixOS",
        "repo": "nixpkgs",
        "rev": "9bb1e7571aadf31ddb4af77fc64b2d59580f9a39",
        "type": "github"
      },
      "original": {
        "owner": "NixOS",
        "ref": "nixpkgs-unstable",
        "repo": "nixpkgs",
        "type": "github"
      }
    },
    "nixpkgs-lib": {
      "locked": {
        "lastModified": 1725233747,
        "narHash": "sha256-Ss8QWLXdr2JCBPcYChJhz4xJm+h/xjl4G0c0XlP6a74=",
        "type": "tarball",
        "url": "https://github.com/NixOS/nixpkgs/archive/356624c12086a18f2ea2825fed34523d60ccc4e3.tar.gz"
      },
      "original": {
        "type": "tarball",
        "url": "https://github.com/NixOS/nixpkgs/archive/356624c12086a18f2ea2825fed34523d60ccc4e3.tar.gz"
      }
    },
    "nixpkgs_2": {
      "locked": {
        "lastModified": 1718428119,
        "narHash": "sha256-WdWDpNaq6u1IPtxtYHHWpl5BmabtpmLnMAx0RdJ/vo8=",
        "owner": "NixOS",
        "repo": "nixpkgs",
        "rev": "e6cea36f83499eb4e9cd184c8a8e823296b50ad5",
        "type": "github"
      },
      "original": {
        "owner": "NixOS",
        "ref": "nixpkgs-unstable",
        "repo": "nixpkgs",
        "type": "github"
      }
    },
    "root": {
      "inputs": {
        "flake-parts": "flake-parts",
        "nixpkgs": "nixpkgs",
        "rust-overlay": "rust-overlay"
      }
    },
    "rust-overlay": {
      "inputs": {
        "nixpkgs": "nixpkgs_2"
      },
      "locked": {
        "lastModified": 1725675754,
        "narHash": "sha256-hXW3csqePOcF2e/PYnpXj72KEYyNj2HzTrVNmS/F7Ug=",
        "owner": "oxalica",
        "repo": "rust-overlay",
        "rev": "8cc45e678e914a16c8e224c3237fb07cf21e5e54",
        "type": "github"
      },
      "original": {
        "owner": "oxalica",
        "repo": "rust-overlay",
        "type": "github"
      }
    }
  },
  "root": "root",
  "version": 7
}
